
Microsoft Visual Studio Solution File, Format Version 12.00
Project("{FAE04EC0-301F-11D3-BF4B-00C04F79EFBC}") = "Facade.API", "Facade.API\Facade.API.csproj", "{5D3DAD84-A695-4C65-A262-71D275F68BC3}"
EndProject
Project("{2150E333-8FDC-42A3-9474-1A3956D46DE8}") = "Board", "Board", "{DB2A1642-23C8-4373-A944-B46E71ABBACE}"
EndProject
Project("{2150E333-8FDC-42A3-9474-1A3956D46DE8}") = "Project", "Project", "{55390A62-5B7F-4E81-80B0-C156E83B6817}"
EndProject
Project("{2150E333-8FDC-42A3-9474-1A3956D46DE8}") = "Tenant", "Tenant", "{EF028C26-8B3F-403E-8C9D-4F075C033A12}"
EndProject
Project("{2150E333-8FDC-42A3-9474-1A3956D46DE8}") = "Tag", "Tag", "{B4797A1E-7AA2-4A0E-9882-3E34A9F926D9}"
EndProject
Project("{2150E333-8FDC-42A3-9474-1A3956D46DE8}") = "Facade.BoardManagement", "Facade.BoardManagement", "{9D0FFBBD-1579-433C-ACDF-083B478A1DAE}"
EndProject
Project("{2150E333-8FDC-42A3-9474-1A3956D46DE8}") = "ProjectManagement", "ProjectManagement", "{75FC6FDC-931C-44FE-939D-2B1D03037DFF}"
EndProject
Project("{2150E333-8FDC-42A3-9474-1A3956D46DE8}") = "Facade.TenantManagement", "Facade.TenantManagement", "{C592466B-4AAB-40AB-ADF9-EBF1D98ED6F6}"
EndProject
Project("{2150E333-8FDC-42A3-9474-1A3956D46DE8}") = "Facade.TagManagement", "Facade.TagManagement", "{50C97715-4300-4AB3-B1CE-A49599EA7914}"
EndProject
Project("{FAE04EC0-301F-11D3-BF4B-00C04F79EFBC}") = "Board.DataAccess", "Board.DataAccess\Board.DataAccess.csproj", "{CFABFFA0-AD4E-4A02-A2AE-7DEBD59DD297}"
EndProject
Project("{FAE04EC0-301F-11D3-BF4B-00C04F79EFBC}") = "Board.Contracts", "Board.Contracts\Board.Contracts.csproj", "{FDCF3A5A-A4B7-4C51-AA68-9F7694B79B46}"
EndProject
Project("{FAE04EC0-301F-11D3-BF4B-00C04F79EFBC}") = "Board.Client", "Board.Client\Board.Client.csproj", "{32DA1E17-8145-459D-A0BD-F18D9EF023E4}"
EndProject
Project("{FAE04EC0-301F-11D3-BF4B-00C04F79EFBC}") = "Board.Services", "Board.Services\Board.Services.csproj", "{67E8D737-5EC3-4B9A-8D37-AAB4AE74363C}"
EndProject
Project("{FAE04EC0-301F-11D3-BF4B-00C04F79EFBC}") = "Board.Client.Contracts", "Board.Client.Contracts\Board.Client.Contracts.csproj", "{E150266F-9544-4714-B56B-41CE148A65AA}"
EndProject
Project("{FAE04EC0-301F-11D3-BF4B-00C04F79EFBC}") = "Tenant.Client", "Tenant.Client\Tenant.Client.csproj", "{DA311A38-A168-4601-9432-A4A40ADCB744}"
EndProject
Project("{FAE04EC0-301F-11D3-BF4B-00C04F79EFBC}") = "Tenant.Client.Contracts", "Tenant.Client.Contracts\Tenant.Client.Contracts.csproj", "{B766B573-281A-4420-8E40-A4A8CBCE51B0}"
EndProject
Project("{FAE04EC0-301F-11D3-BF4B-00C04F79EFBC}") = "Tenant.Contracts", "Tenant.Contracts\Tenant.Contracts.csproj", "{FB537C9A-07B1-468E-B804-5E2DFAC3BCC7}"
EndProject
Project("{FAE04EC0-301F-11D3-BF4B-00C04F79EFBC}") = "Tenant.DataAccess", "Tenant.DataAccess\Tenant.DataAccess.csproj", "{34AB7168-76ED-44FD-B00B-5A7B553B0998}"
EndProject
Project("{FAE04EC0-301F-11D3-BF4B-00C04F79EFBC}") = "Tenant.Services", "Tenant.Services\Tenant.Services.csproj", "{BCEB4A93-637B-45B9-803D-645788021C91}"
EndProject
Project("{FAE04EC0-301F-11D3-BF4B-00C04F79EFBC}") = "Project.Client", "Project.Client\Project.Client.csproj", "{B9969CDA-5728-47A4-8B01-92F718155B20}"
EndProject
Project("{FAE04EC0-301F-11D3-BF4B-00C04F79EFBC}") = "Project.Client.Contracts", "Project.Client.Contracts\Project.Client.Contracts.csproj", "{73277024-4FD9-4AE5-A6AF-5DD4C330F9C3}"
EndProject
Project("{FAE04EC0-301F-11D3-BF4B-00C04F79EFBC}") = "Project.DataAccess", "Project.DataAccess\Project.DataAccess.csproj", "{17EDB5A6-B319-466E-9EE5-028DBDD3C076}"
EndProject
Project("{FAE04EC0-301F-11D3-BF4B-00C04F79EFBC}") = "Project.Services", "Project.Services\Project.Services.csproj", "{4915B7B6-654C-4248-A8E1-1AB9149BFA28}"
EndProject
Project("{FAE04EC0-301F-11D3-BF4B-00C04F79EFBC}") = "Project.Contracts", "Project.Contracts\Project.Contracts.csproj", "{E5012C10-7D81-4FF9-927F-464D42A75B88}"
EndProject
Project("{2150E333-8FDC-42A3-9474-1A3956D46DE8}") = "Shared", "Shared", "{6AFDF606-952E-4FDA-B27E-E90DF19AA9D7}"
EndProject
Project("{FAE04EC0-301F-11D3-BF4B-00C04F79EFBC}") = "Shared.String.Extensions", "Shared.String.Extensions\Shared.String.Extensions.csproj", "{838AABE8-9D7E-474A-9945-768E2B4BABEB}"
EndProject
Project("{FAE04EC0-301F-11D3-BF4B-00C04F79EFBC}") = "Tag.Client", "Tag.Client\Tag.Client.csproj", "{337A9F09-0599-4748-8266-42613DEFAD6F}"
EndProject
Project("{FAE04EC0-301F-11D3-BF4B-00C04F79EFBC}") = "Tag.Client.Contracts", "Tag.Client.Contracts\Tag.Client.Contracts.csproj", "{0B4BF56E-9F44-470F-85ED-E950C5C9D59B}"
EndProject
Project("{FAE04EC0-301F-11D3-BF4B-00C04F79EFBC}") = "Tag.Contracts", "Tag.Contracts\Tag.Contracts.csproj", "{1C5275E8-5107-4594-B3E9-BD8179FC9456}"
EndProject
Project("{FAE04EC0-301F-11D3-BF4B-00C04F79EFBC}") = "Tag.DataAccess", "Tag.DataAccess\Tag.DataAccess.csproj", "{0927FC8F-848C-41AD-AC57-30EFFBC7ECA3}"
EndProject
Project("{FAE04EC0-301F-11D3-BF4B-00C04F79EFBC}") = "Tag.Services", "Tag.Services\Tag.Services.csproj", "{0C6642C1-3268-42B4-BCC9-CD1E67E4ED24}"
EndProject
Project("{FAE04EC0-301F-11D3-BF4B-00C04F79EFBC}") = "Facade.BoardManagement.Controllers", "Facade.BoardManagement.Controllers\Facade.BoardManagement.Controllers.csproj", "{105C9041-7E3C-4FA2-8B7F-F6A2B50842A8}"
EndProject
Project("{FAE04EC0-301F-11D3-BF4B-00C04F79EFBC}") = "Facade.BoardManagement.Contracts", "Facade.BoardManagement.Contracts\Facade.BoardManagement.Contracts.csproj", "{D0D16645-427B-4D62-A781-C3422A62312C}"
EndProject
Project("{FAE04EC0-301F-11D3-BF4B-00C04F79EFBC}") = "Facade.BoardManagement.Services", "Facade.BoardManagement.Services\Facade.BoardManagement.Services.csproj", "{8F9E08C6-651A-4996-8AC5-F7E2BC9AD7A8}"
EndProject
Project("{2150E333-8FDC-42A3-9474-1A3956D46DE8}") = "Identity", "Identity", "{B84B673D-3AD3-4B01-9120-B6020CEC3130}"
EndProject
Project("{FAE04EC0-301F-11D3-BF4B-00C04F79EFBC}") = "Identity.Client", "Identity.Client\Identity.Client.csproj", "{1B5A7D81-B65A-4B0C-9E7F-66A2FDBFBB35}"
EndProject
Project("{FAE04EC0-301F-11D3-BF4B-00C04F79EFBC}") = "Identity.Contracts", "Identity.Contracts\Identity.Contracts.csproj", "{450901EC-3930-4863-8E41-EAA0287686A1}"
EndProject
Project("{FAE04EC0-301F-11D3-BF4B-00C04F79EFBC}") = "Identity.DataAccess", "Identity.DataAccess\Identity.DataAccess.csproj", "{93CBE9B6-4E56-42B1-AEB8-7A749384228D}"
EndProject
Project("{FAE04EC0-301F-11D3-BF4B-00C04F79EFBC}") = "Identity.Client.Contracts", "Identity.Client.Contracts\Identity.Client.Contracts.csproj", "{38D40556-88E1-4EE0-A19F-D82FF69DEA56}"
EndProject
Project("{FAE04EC0-301F-11D3-BF4B-00C04F79EFBC}") = "Identity.Services", "Identity.Services\Identity.Services.csproj", "{F3AD6CFB-9878-448F-8E4B-F68C68E7839C}"
EndProject
Project("{FAE04EC0-301F-11D3-BF4B-00C04F79EFBC}") = "Facade.TenantManagement.Contracts", "Facade.TenantManagement.Contracts\Facade.TenantManagement.Contracts.csproj", "{977FBDDA-1E34-4E05-817D-B16629AB211C}"
EndProject
Project("{FAE04EC0-301F-11D3-BF4B-00C04F79EFBC}") = "Facade.TenantManagement.Controllers", "Facade.TenantManagement.Controllers\Facade.TenantManagement.Controllers.csproj", "{ADCE63BA-1184-4A15-BA7F-7BC943DFFDEA}"
EndProject
Project("{FAE04EC0-301F-11D3-BF4B-00C04F79EFBC}") = "Facade.TenantManagement.Services", "Facade.TenantManagement.Services\Facade.TenantManagement.Services.csproj", "{2E8CA512-4F57-4BEB-9872-F7BBD4E53585}"
EndProject
Project("{2150E333-8FDC-42A3-9474-1A3956D46DE8}") = "Facade.IdentityManagement", "Facade.IdentityManagement", "{515A5664-8CD2-4BE9-BF41-5EF4D2ECDC35}"
EndProject
Project("{FAE04EC0-301F-11D3-BF4B-00C04F79EFBC}") = "Facade.IdentityManagement.Contracts", "Facade.IdentityManagement.Contracts\Facade.IdentityManagement.Contracts.csproj", "{E81AC9CF-3103-463D-94D1-11FBB9E2DAD0}"
EndProject
Project("{FAE04EC0-301F-11D3-BF4B-00C04F79EFBC}") = "Facade.IdentityManagement.Controllers", "Facade.IdentityManagement.Controllers\Facade.IdentityManagement.Controllers.csproj", "{79DC029C-625A-4377-B2AB-5903964B7B35}"
EndProject
Project("{FAE04EC0-301F-11D3-BF4B-00C04F79EFBC}") = "Facade.IdentityManagement.Services", "Facade.IdentityManagement.Services\Facade.IdentityManagement.Services.csproj", "{8286FA10-8579-431E-8961-91833FE4B850}"
EndProject
Project("{FAE04EC0-301F-11D3-BF4B-00C04F79EFBC}") = "Facade.ProjectManagement.Contracts", "Facade.ProjectManagement.Contracts\Facade.ProjectManagement.Contracts.csproj", "{041BA33D-81BF-4D19-9D1D-966C766D5E19}"
EndProject
Project("{FAE04EC0-301F-11D3-BF4B-00C04F79EFBC}") = "Facade.ProjectManagement.Controllers", "Facade.ProjectManagement.Controllers\Facade.ProjectManagement.Controllers.csproj", "{5FBF7116-575E-459D-9B6A-CE3A8E8642F9}"
EndProject
Project("{FAE04EC0-301F-11D3-BF4B-00C04F79EFBC}") = "Facade.ProjectManagement.Services", "Facade.ProjectManagement.Services\Facade.ProjectManagement.Services.csproj", "{9930795B-A37A-4A6B-AE8F-41651325408C}"
EndProject
Project("{FAE04EC0-301F-11D3-BF4B-00C04F79EFBC}") = "Facade.TagManagement.Contracts", "Facade.TagManagement.Contracts\Facade.TagManagement.Contracts.csproj", "{E29AD76B-9A4C-4BBE-91A1-BC6788F02DBC}"
EndProject
Project("{FAE04EC0-301F-11D3-BF4B-00C04F79EFBC}") = "Facade.TagManagement.Controllers", "Facade.TagManagement.Controllers\Facade.TagManagement.Controllers.csproj", "{47692E24-687D-47F1-B817-8D62BF7CED3C}"
EndProject
Project("{FAE04EC0-301F-11D3-BF4B-00C04F79EFBC}") = "Facade.TagManagement.Services", "Facade.TagManagement.Services\Facade.TagManagement.Services.csproj", "{A31F955F-C642-4EE7-83F7-547FDA1BDAA1}"
EndProject
Project("{FAE04EC0-301F-11D3-BF4B-00C04F79EFBC}") = "Facade.TagManagement.DI", "Facade.TagManagement.DI\Facade.TagManagement.DI.csproj", "{B85B5B1E-43D5-4FAD-8727-E540CD5B3958}"
EndProject
Project("{FAE04EC0-301F-11D3-BF4B-00C04F79EFBC}") = "Tenant.DI", "Tenant.DI\Tenant.DI.csproj", "{0C568B99-F043-4469-9D41-EC7F3CBC3945}"
EndProject
Project("{FAE04EC0-301F-11D3-BF4B-00C04F79EFBC}") = "Tag.DI", "Tag.DI\Tag.DI.csproj", "{A8EEAB03-3D12-4308-9A02-404E02C76E6C}"
EndProject
Project("{FAE04EC0-301F-11D3-BF4B-00C04F79EFBC}") = "Project.DI", "Project.DI\Project.DI.csproj", "{DA1A6504-53B6-46BF-AD2E-CE712CA4CE05}"
EndProject
Project("{FAE04EC0-301F-11D3-BF4B-00C04F79EFBC}") = "Identity.DI", "Identity.DI\Identity.DI.csproj", "{55B9B483-EC0B-4D02-B813-699A9135BB19}"
EndProject
Project("{FAE04EC0-301F-11D3-BF4B-00C04F79EFBC}") = "Board.DI", "Board.DI\Board.DI.csproj", "{0B5EFD8A-BF9C-4EAC-9450-6871BBE041CD}"
EndProject
Project("{FAE04EC0-301F-11D3-BF4B-00C04F79EFBC}") = "Facade.BoardManagement.DI", "Facade.BoardManagement.DI\Facade.BoardManagement.DI.csproj", "{09542979-CDDF-4D0C-90F0-7B8BFDDE92EC}"
EndProject
Project("{FAE04EC0-301F-11D3-BF4B-00C04F79EFBC}") = "Facade.IdentityManagement.DI", "Facade.IdentityManagement.DI\Facade.IdentityManagement.DI.csproj", "{706E5C7D-2A47-49A1-B82E-3F4AB6165988}"
EndProject
Project("{FAE04EC0-301F-11D3-BF4B-00C04F79EFBC}") = "Facade.ProjectManagement.DI", "Facade.ProjectManagement.DI\Facade.ProjectManagement.DI.csproj", "{CE53CB12-B1CE-4440-867D-4A03496C78C0}"
EndProject
Project("{FAE04EC0-301F-11D3-BF4B-00C04F79EFBC}") = "Facade.TenantManagement.DI", "Facade.TenantManagement.DI\Facade.TenantManagement.DI.csproj", "{5D7A85D5-46D6-4E07-B05A-9825067B8E11}"
EndProject
Project("{FAE04EC0-301F-11D3-BF4B-00C04F79EFBC}") = "Shared.EntityFrameworkCore.Configuration", "Shared.EntityFrameworkCore.Configuration\Shared.EntityFrameworkCore.Configuration.csproj", "{AF7ED0D1-9B78-4FE8-9E9D-86BB285CB9B5}"
EndProject
Global
	GlobalSection(SolutionConfigurationPlatforms) = preSolution
		Debug|Any CPU = Debug|Any CPU
		Release|Any CPU = Release|Any CPU
	EndGlobalSection
	GlobalSection(ProjectConfigurationPlatforms) = postSolution
		{5D3DAD84-A695-4C65-A262-71D275F68BC3}.Debug|Any CPU.ActiveCfg = Debug|Any CPU
		{5D3DAD84-A695-4C65-A262-71D275F68BC3}.Debug|Any CPU.Build.0 = Debug|Any CPU
		{5D3DAD84-A695-4C65-A262-71D275F68BC3}.Release|Any CPU.ActiveCfg = Release|Any CPU
		{5D3DAD84-A695-4C65-A262-71D275F68BC3}.Release|Any CPU.Build.0 = Release|Any CPU
		{CFABFFA0-AD4E-4A02-A2AE-7DEBD59DD297}.Debug|Any CPU.ActiveCfg = Debug|Any CPU
		{CFABFFA0-AD4E-4A02-A2AE-7DEBD59DD297}.Debug|Any CPU.Build.0 = Debug|Any CPU
		{CFABFFA0-AD4E-4A02-A2AE-7DEBD59DD297}.Release|Any CPU.ActiveCfg = Release|Any CPU
		{CFABFFA0-AD4E-4A02-A2AE-7DEBD59DD297}.Release|Any CPU.Build.0 = Release|Any CPU
		{FDCF3A5A-A4B7-4C51-AA68-9F7694B79B46}.Debug|Any CPU.ActiveCfg = Debug|Any CPU
		{FDCF3A5A-A4B7-4C51-AA68-9F7694B79B46}.Debug|Any CPU.Build.0 = Debug|Any CPU
		{FDCF3A5A-A4B7-4C51-AA68-9F7694B79B46}.Release|Any CPU.ActiveCfg = Release|Any CPU
		{FDCF3A5A-A4B7-4C51-AA68-9F7694B79B46}.Release|Any CPU.Build.0 = Release|Any CPU
		{32DA1E17-8145-459D-A0BD-F18D9EF023E4}.Debug|Any CPU.ActiveCfg = Debug|Any CPU
		{32DA1E17-8145-459D-A0BD-F18D9EF023E4}.Debug|Any CPU.Build.0 = Debug|Any CPU
		{32DA1E17-8145-459D-A0BD-F18D9EF023E4}.Release|Any CPU.ActiveCfg = Release|Any CPU
		{32DA1E17-8145-459D-A0BD-F18D9EF023E4}.Release|Any CPU.Build.0 = Release|Any CPU
		{67E8D737-5EC3-4B9A-8D37-AAB4AE74363C}.Debug|Any CPU.ActiveCfg = Debug|Any CPU
		{67E8D737-5EC3-4B9A-8D37-AAB4AE74363C}.Debug|Any CPU.Build.0 = Debug|Any CPU
		{67E8D737-5EC3-4B9A-8D37-AAB4AE74363C}.Release|Any CPU.ActiveCfg = Release|Any CPU
		{67E8D737-5EC3-4B9A-8D37-AAB4AE74363C}.Release|Any CPU.Build.0 = Release|Any CPU
		{E150266F-9544-4714-B56B-41CE148A65AA}.Debug|Any CPU.ActiveCfg = Debug|Any CPU
		{E150266F-9544-4714-B56B-41CE148A65AA}.Debug|Any CPU.Build.0 = Debug|Any CPU
		{E150266F-9544-4714-B56B-41CE148A65AA}.Release|Any CPU.ActiveCfg = Release|Any CPU
		{E150266F-9544-4714-B56B-41CE148A65AA}.Release|Any CPU.Build.0 = Release|Any CPU
		{DA311A38-A168-4601-9432-A4A40ADCB744}.Debug|Any CPU.ActiveCfg = Debug|Any CPU
		{DA311A38-A168-4601-9432-A4A40ADCB744}.Debug|Any CPU.Build.0 = Debug|Any CPU
		{DA311A38-A168-4601-9432-A4A40ADCB744}.Release|Any CPU.ActiveCfg = Release|Any CPU
		{DA311A38-A168-4601-9432-A4A40ADCB744}.Release|Any CPU.Build.0 = Release|Any CPU
		{B766B573-281A-4420-8E40-A4A8CBCE51B0}.Debug|Any CPU.ActiveCfg = Debug|Any CPU
		{B766B573-281A-4420-8E40-A4A8CBCE51B0}.Debug|Any CPU.Build.0 = Debug|Any CPU
		{B766B573-281A-4420-8E40-A4A8CBCE51B0}.Release|Any CPU.ActiveCfg = Release|Any CPU
		{B766B573-281A-4420-8E40-A4A8CBCE51B0}.Release|Any CPU.Build.0 = Release|Any CPU
		{FB537C9A-07B1-468E-B804-5E2DFAC3BCC7}.Debug|Any CPU.ActiveCfg = Debug|Any CPU
		{FB537C9A-07B1-468E-B804-5E2DFAC3BCC7}.Debug|Any CPU.Build.0 = Debug|Any CPU
		{FB537C9A-07B1-468E-B804-5E2DFAC3BCC7}.Release|Any CPU.ActiveCfg = Release|Any CPU
		{FB537C9A-07B1-468E-B804-5E2DFAC3BCC7}.Release|Any CPU.Build.0 = Release|Any CPU
		{34AB7168-76ED-44FD-B00B-5A7B553B0998}.Debug|Any CPU.ActiveCfg = Debug|Any CPU
		{34AB7168-76ED-44FD-B00B-5A7B553B0998}.Debug|Any CPU.Build.0 = Debug|Any CPU
		{34AB7168-76ED-44FD-B00B-5A7B553B0998}.Release|Any CPU.ActiveCfg = Release|Any CPU
		{34AB7168-76ED-44FD-B00B-5A7B553B0998}.Release|Any CPU.Build.0 = Release|Any CPU
		{BCEB4A93-637B-45B9-803D-645788021C91}.Debug|Any CPU.ActiveCfg = Debug|Any CPU
		{BCEB4A93-637B-45B9-803D-645788021C91}.Debug|Any CPU.Build.0 = Debug|Any CPU
		{BCEB4A93-637B-45B9-803D-645788021C91}.Release|Any CPU.ActiveCfg = Release|Any CPU
		{BCEB4A93-637B-45B9-803D-645788021C91}.Release|Any CPU.Build.0 = Release|Any CPU
		{B9969CDA-5728-47A4-8B01-92F718155B20}.Debug|Any CPU.ActiveCfg = Debug|Any CPU
		{B9969CDA-5728-47A4-8B01-92F718155B20}.Debug|Any CPU.Build.0 = Debug|Any CPU
		{B9969CDA-5728-47A4-8B01-92F718155B20}.Release|Any CPU.ActiveCfg = Release|Any CPU
		{B9969CDA-5728-47A4-8B01-92F718155B20}.Release|Any CPU.Build.0 = Release|Any CPU
		{73277024-4FD9-4AE5-A6AF-5DD4C330F9C3}.Debug|Any CPU.ActiveCfg = Debug|Any CPU
		{73277024-4FD9-4AE5-A6AF-5DD4C330F9C3}.Debug|Any CPU.Build.0 = Debug|Any CPU
		{73277024-4FD9-4AE5-A6AF-5DD4C330F9C3}.Release|Any CPU.ActiveCfg = Release|Any CPU
		{73277024-4FD9-4AE5-A6AF-5DD4C330F9C3}.Release|Any CPU.Build.0 = Release|Any CPU
		{17EDB5A6-B319-466E-9EE5-028DBDD3C076}.Debug|Any CPU.ActiveCfg = Debug|Any CPU
		{17EDB5A6-B319-466E-9EE5-028DBDD3C076}.Debug|Any CPU.Build.0 = Debug|Any CPU
		{17EDB5A6-B319-466E-9EE5-028DBDD3C076}.Release|Any CPU.ActiveCfg = Release|Any CPU
		{17EDB5A6-B319-466E-9EE5-028DBDD3C076}.Release|Any CPU.Build.0 = Release|Any CPU
		{4915B7B6-654C-4248-A8E1-1AB9149BFA28}.Debug|Any CPU.ActiveCfg = Debug|Any CPU
		{4915B7B6-654C-4248-A8E1-1AB9149BFA28}.Debug|Any CPU.Build.0 = Debug|Any CPU
		{4915B7B6-654C-4248-A8E1-1AB9149BFA28}.Release|Any CPU.ActiveCfg = Release|Any CPU
		{4915B7B6-654C-4248-A8E1-1AB9149BFA28}.Release|Any CPU.Build.0 = Release|Any CPU
		{E5012C10-7D81-4FF9-927F-464D42A75B88}.Debug|Any CPU.ActiveCfg = Debug|Any CPU
		{E5012C10-7D81-4FF9-927F-464D42A75B88}.Debug|Any CPU.Build.0 = Debug|Any CPU
		{E5012C10-7D81-4FF9-927F-464D42A75B88}.Release|Any CPU.ActiveCfg = Release|Any CPU
		{E5012C10-7D81-4FF9-927F-464D42A75B88}.Release|Any CPU.Build.0 = Release|Any CPU
		{838AABE8-9D7E-474A-9945-768E2B4BABEB}.Debug|Any CPU.ActiveCfg = Debug|Any CPU
		{838AABE8-9D7E-474A-9945-768E2B4BABEB}.Debug|Any CPU.Build.0 = Debug|Any CPU
		{838AABE8-9D7E-474A-9945-768E2B4BABEB}.Release|Any CPU.ActiveCfg = Release|Any CPU
		{838AABE8-9D7E-474A-9945-768E2B4BABEB}.Release|Any CPU.Build.0 = Release|Any CPU
		{337A9F09-0599-4748-8266-42613DEFAD6F}.Debug|Any CPU.ActiveCfg = Debug|Any CPU
		{337A9F09-0599-4748-8266-42613DEFAD6F}.Debug|Any CPU.Build.0 = Debug|Any CPU
		{337A9F09-0599-4748-8266-42613DEFAD6F}.Release|Any CPU.ActiveCfg = Release|Any CPU
		{337A9F09-0599-4748-8266-42613DEFAD6F}.Release|Any CPU.Build.0 = Release|Any CPU
		{0B4BF56E-9F44-470F-85ED-E950C5C9D59B}.Debug|Any CPU.ActiveCfg = Debug|Any CPU
		{0B4BF56E-9F44-470F-85ED-E950C5C9D59B}.Debug|Any CPU.Build.0 = Debug|Any CPU
		{0B4BF56E-9F44-470F-85ED-E950C5C9D59B}.Release|Any CPU.ActiveCfg = Release|Any CPU
		{0B4BF56E-9F44-470F-85ED-E950C5C9D59B}.Release|Any CPU.Build.0 = Release|Any CPU
		{1C5275E8-5107-4594-B3E9-BD8179FC9456}.Debug|Any CPU.ActiveCfg = Debug|Any CPU
		{1C5275E8-5107-4594-B3E9-BD8179FC9456}.Debug|Any CPU.Build.0 = Debug|Any CPU
		{1C5275E8-5107-4594-B3E9-BD8179FC9456}.Release|Any CPU.ActiveCfg = Release|Any CPU
		{1C5275E8-5107-4594-B3E9-BD8179FC9456}.Release|Any CPU.Build.0 = Release|Any CPU
		{0927FC8F-848C-41AD-AC57-30EFFBC7ECA3}.Debug|Any CPU.ActiveCfg = Debug|Any CPU
		{0927FC8F-848C-41AD-AC57-30EFFBC7ECA3}.Debug|Any CPU.Build.0 = Debug|Any CPU
		{0927FC8F-848C-41AD-AC57-30EFFBC7ECA3}.Release|Any CPU.ActiveCfg = Release|Any CPU
		{0927FC8F-848C-41AD-AC57-30EFFBC7ECA3}.Release|Any CPU.Build.0 = Release|Any CPU
		{0C6642C1-3268-42B4-BCC9-CD1E67E4ED24}.Debug|Any CPU.ActiveCfg = Debug|Any CPU
		{0C6642C1-3268-42B4-BCC9-CD1E67E4ED24}.Debug|Any CPU.Build.0 = Debug|Any CPU
		{0C6642C1-3268-42B4-BCC9-CD1E67E4ED24}.Release|Any CPU.ActiveCfg = Release|Any CPU
		{0C6642C1-3268-42B4-BCC9-CD1E67E4ED24}.Release|Any CPU.Build.0 = Release|Any CPU
		{105C9041-7E3C-4FA2-8B7F-F6A2B50842A8}.Debug|Any CPU.ActiveCfg = Debug|Any CPU
		{105C9041-7E3C-4FA2-8B7F-F6A2B50842A8}.Debug|Any CPU.Build.0 = Debug|Any CPU
		{105C9041-7E3C-4FA2-8B7F-F6A2B50842A8}.Release|Any CPU.ActiveCfg = Release|Any CPU
		{105C9041-7E3C-4FA2-8B7F-F6A2B50842A8}.Release|Any CPU.Build.0 = Release|Any CPU
		{D0D16645-427B-4D62-A781-C3422A62312C}.Debug|Any CPU.ActiveCfg = Debug|Any CPU
		{D0D16645-427B-4D62-A781-C3422A62312C}.Debug|Any CPU.Build.0 = Debug|Any CPU
		{D0D16645-427B-4D62-A781-C3422A62312C}.Release|Any CPU.ActiveCfg = Release|Any CPU
		{D0D16645-427B-4D62-A781-C3422A62312C}.Release|Any CPU.Build.0 = Release|Any CPU
		{8F9E08C6-651A-4996-8AC5-F7E2BC9AD7A8}.Debug|Any CPU.ActiveCfg = Debug|Any CPU
		{8F9E08C6-651A-4996-8AC5-F7E2BC9AD7A8}.Debug|Any CPU.Build.0 = Debug|Any CPU
		{8F9E08C6-651A-4996-8AC5-F7E2BC9AD7A8}.Release|Any CPU.ActiveCfg = Release|Any CPU
		{8F9E08C6-651A-4996-8AC5-F7E2BC9AD7A8}.Release|Any CPU.Build.0 = Release|Any CPU
		{1B5A7D81-B65A-4B0C-9E7F-66A2FDBFBB35}.Debug|Any CPU.ActiveCfg = Debug|Any CPU
		{1B5A7D81-B65A-4B0C-9E7F-66A2FDBFBB35}.Debug|Any CPU.Build.0 = Debug|Any CPU
		{1B5A7D81-B65A-4B0C-9E7F-66A2FDBFBB35}.Release|Any CPU.ActiveCfg = Release|Any CPU
		{1B5A7D81-B65A-4B0C-9E7F-66A2FDBFBB35}.Release|Any CPU.Build.0 = Release|Any CPU
		{450901EC-3930-4863-8E41-EAA0287686A1}.Debug|Any CPU.ActiveCfg = Debug|Any CPU
		{450901EC-3930-4863-8E41-EAA0287686A1}.Debug|Any CPU.Build.0 = Debug|Any CPU
		{450901EC-3930-4863-8E41-EAA0287686A1}.Release|Any CPU.ActiveCfg = Release|Any CPU
		{450901EC-3930-4863-8E41-EAA0287686A1}.Release|Any CPU.Build.0 = Release|Any CPU
		{93CBE9B6-4E56-42B1-AEB8-7A749384228D}.Debug|Any CPU.ActiveCfg = Debug|Any CPU
		{93CBE9B6-4E56-42B1-AEB8-7A749384228D}.Debug|Any CPU.Build.0 = Debug|Any CPU
		{93CBE9B6-4E56-42B1-AEB8-7A749384228D}.Release|Any CPU.ActiveCfg = Release|Any CPU
		{93CBE9B6-4E56-42B1-AEB8-7A749384228D}.Release|Any CPU.Build.0 = Release|Any CPU
		{38D40556-88E1-4EE0-A19F-D82FF69DEA56}.Debug|Any CPU.ActiveCfg = Debug|Any CPU
		{38D40556-88E1-4EE0-A19F-D82FF69DEA56}.Debug|Any CPU.Build.0 = Debug|Any CPU
		{38D40556-88E1-4EE0-A19F-D82FF69DEA56}.Release|Any CPU.ActiveCfg = Release|Any CPU
		{38D40556-88E1-4EE0-A19F-D82FF69DEA56}.Release|Any CPU.Build.0 = Release|Any CPU
		{F3AD6CFB-9878-448F-8E4B-F68C68E7839C}.Debug|Any CPU.ActiveCfg = Debug|Any CPU
		{F3AD6CFB-9878-448F-8E4B-F68C68E7839C}.Debug|Any CPU.Build.0 = Debug|Any CPU
		{F3AD6CFB-9878-448F-8E4B-F68C68E7839C}.Release|Any CPU.ActiveCfg = Release|Any CPU
		{F3AD6CFB-9878-448F-8E4B-F68C68E7839C}.Release|Any CPU.Build.0 = Release|Any CPU
		{977FBDDA-1E34-4E05-817D-B16629AB211C}.Debug|Any CPU.ActiveCfg = Debug|Any CPU
		{977FBDDA-1E34-4E05-817D-B16629AB211C}.Debug|Any CPU.Build.0 = Debug|Any CPU
		{977FBDDA-1E34-4E05-817D-B16629AB211C}.Release|Any CPU.ActiveCfg = Release|Any CPU
		{977FBDDA-1E34-4E05-817D-B16629AB211C}.Release|Any CPU.Build.0 = Release|Any CPU
		{ADCE63BA-1184-4A15-BA7F-7BC943DFFDEA}.Debug|Any CPU.ActiveCfg = Debug|Any CPU
		{ADCE63BA-1184-4A15-BA7F-7BC943DFFDEA}.Debug|Any CPU.Build.0 = Debug|Any CPU
		{ADCE63BA-1184-4A15-BA7F-7BC943DFFDEA}.Release|Any CPU.ActiveCfg = Release|Any CPU
		{ADCE63BA-1184-4A15-BA7F-7BC943DFFDEA}.Release|Any CPU.Build.0 = Release|Any CPU
		{2E8CA512-4F57-4BEB-9872-F7BBD4E53585}.Debug|Any CPU.ActiveCfg = Debug|Any CPU
		{2E8CA512-4F57-4BEB-9872-F7BBD4E53585}.Debug|Any CPU.Build.0 = Debug|Any CPU
		{2E8CA512-4F57-4BEB-9872-F7BBD4E53585}.Release|Any CPU.ActiveCfg = Release|Any CPU
		{2E8CA512-4F57-4BEB-9872-F7BBD4E53585}.Release|Any CPU.Build.0 = Release|Any CPU
		{E81AC9CF-3103-463D-94D1-11FBB9E2DAD0}.Debug|Any CPU.ActiveCfg = Debug|Any CPU
		{E81AC9CF-3103-463D-94D1-11FBB9E2DAD0}.Debug|Any CPU.Build.0 = Debug|Any CPU
		{E81AC9CF-3103-463D-94D1-11FBB9E2DAD0}.Release|Any CPU.ActiveCfg = Release|Any CPU
		{E81AC9CF-3103-463D-94D1-11FBB9E2DAD0}.Release|Any CPU.Build.0 = Release|Any CPU
		{79DC029C-625A-4377-B2AB-5903964B7B35}.Debug|Any CPU.ActiveCfg = Debug|Any CPU
		{79DC029C-625A-4377-B2AB-5903964B7B35}.Debug|Any CPU.Build.0 = Debug|Any CPU
		{79DC029C-625A-4377-B2AB-5903964B7B35}.Release|Any CPU.ActiveCfg = Release|Any CPU
		{79DC029C-625A-4377-B2AB-5903964B7B35}.Release|Any CPU.Build.0 = Release|Any CPU
		{8286FA10-8579-431E-8961-91833FE4B850}.Debug|Any CPU.ActiveCfg = Debug|Any CPU
		{8286FA10-8579-431E-8961-91833FE4B850}.Debug|Any CPU.Build.0 = Debug|Any CPU
		{8286FA10-8579-431E-8961-91833FE4B850}.Release|Any CPU.ActiveCfg = Release|Any CPU
		{8286FA10-8579-431E-8961-91833FE4B850}.Release|Any CPU.Build.0 = Release|Any CPU
		{041BA33D-81BF-4D19-9D1D-966C766D5E19}.Debug|Any CPU.ActiveCfg = Debug|Any CPU
		{041BA33D-81BF-4D19-9D1D-966C766D5E19}.Debug|Any CPU.Build.0 = Debug|Any CPU
		{041BA33D-81BF-4D19-9D1D-966C766D5E19}.Release|Any CPU.ActiveCfg = Release|Any CPU
		{041BA33D-81BF-4D19-9D1D-966C766D5E19}.Release|Any CPU.Build.0 = Release|Any CPU
		{5FBF7116-575E-459D-9B6A-CE3A8E8642F9}.Debug|Any CPU.ActiveCfg = Debug|Any CPU
		{5FBF7116-575E-459D-9B6A-CE3A8E8642F9}.Debug|Any CPU.Build.0 = Debug|Any CPU
		{5FBF7116-575E-459D-9B6A-CE3A8E8642F9}.Release|Any CPU.ActiveCfg = Release|Any CPU
		{5FBF7116-575E-459D-9B6A-CE3A8E8642F9}.Release|Any CPU.Build.0 = Release|Any CPU
		{9930795B-A37A-4A6B-AE8F-41651325408C}.Debug|Any CPU.ActiveCfg = Debug|Any CPU
		{9930795B-A37A-4A6B-AE8F-41651325408C}.Debug|Any CPU.Build.0 = Debug|Any CPU
		{9930795B-A37A-4A6B-AE8F-41651325408C}.Release|Any CPU.ActiveCfg = Release|Any CPU
		{9930795B-A37A-4A6B-AE8F-41651325408C}.Release|Any CPU.Build.0 = Release|Any CPU
		{E29AD76B-9A4C-4BBE-91A1-BC6788F02DBC}.Debug|Any CPU.ActiveCfg = Debug|Any CPU
		{E29AD76B-9A4C-4BBE-91A1-BC6788F02DBC}.Debug|Any CPU.Build.0 = Debug|Any CPU
		{E29AD76B-9A4C-4BBE-91A1-BC6788F02DBC}.Release|Any CPU.ActiveCfg = Release|Any CPU
		{E29AD76B-9A4C-4BBE-91A1-BC6788F02DBC}.Release|Any CPU.Build.0 = Release|Any CPU
		{47692E24-687D-47F1-B817-8D62BF7CED3C}.Debug|Any CPU.ActiveCfg = Debug|Any CPU
		{47692E24-687D-47F1-B817-8D62BF7CED3C}.Debug|Any CPU.Build.0 = Debug|Any CPU
		{47692E24-687D-47F1-B817-8D62BF7CED3C}.Release|Any CPU.ActiveCfg = Release|Any CPU
		{47692E24-687D-47F1-B817-8D62BF7CED3C}.Release|Any CPU.Build.0 = Release|Any CPU
		{A31F955F-C642-4EE7-83F7-547FDA1BDAA1}.Debug|Any CPU.ActiveCfg = Debug|Any CPU
		{A31F955F-C642-4EE7-83F7-547FDA1BDAA1}.Debug|Any CPU.Build.0 = Debug|Any CPU
		{A31F955F-C642-4EE7-83F7-547FDA1BDAA1}.Release|Any CPU.ActiveCfg = Release|Any CPU
		{A31F955F-C642-4EE7-83F7-547FDA1BDAA1}.Release|Any CPU.Build.0 = Release|Any CPU
		{B85B5B1E-43D5-4FAD-8727-E540CD5B3958}.Debug|Any CPU.ActiveCfg = Debug|Any CPU
		{B85B5B1E-43D5-4FAD-8727-E540CD5B3958}.Debug|Any CPU.Build.0 = Debug|Any CPU
		{B85B5B1E-43D5-4FAD-8727-E540CD5B3958}.Release|Any CPU.ActiveCfg = Release|Any CPU
		{B85B5B1E-43D5-4FAD-8727-E540CD5B3958}.Release|Any CPU.Build.0 = Release|Any CPU
		{0C568B99-F043-4469-9D41-EC7F3CBC3945}.Debug|Any CPU.ActiveCfg = Debug|Any CPU
		{0C568B99-F043-4469-9D41-EC7F3CBC3945}.Debug|Any CPU.Build.0 = Debug|Any CPU
		{0C568B99-F043-4469-9D41-EC7F3CBC3945}.Release|Any CPU.ActiveCfg = Release|Any CPU
		{0C568B99-F043-4469-9D41-EC7F3CBC3945}.Release|Any CPU.Build.0 = Release|Any CPU
		{A8EEAB03-3D12-4308-9A02-404E02C76E6C}.Debug|Any CPU.ActiveCfg = Debug|Any CPU
		{A8EEAB03-3D12-4308-9A02-404E02C76E6C}.Debug|Any CPU.Build.0 = Debug|Any CPU
		{A8EEAB03-3D12-4308-9A02-404E02C76E6C}.Release|Any CPU.ActiveCfg = Release|Any CPU
		{A8EEAB03-3D12-4308-9A02-404E02C76E6C}.Release|Any CPU.Build.0 = Release|Any CPU
		{DA1A6504-53B6-46BF-AD2E-CE712CA4CE05}.Debug|Any CPU.ActiveCfg = Debug|Any CPU
		{DA1A6504-53B6-46BF-AD2E-CE712CA4CE05}.Debug|Any CPU.Build.0 = Debug|Any CPU
		{DA1A6504-53B6-46BF-AD2E-CE712CA4CE05}.Release|Any CPU.ActiveCfg = Release|Any CPU
		{DA1A6504-53B6-46BF-AD2E-CE712CA4CE05}.Release|Any CPU.Build.0 = Release|Any CPU
		{55B9B483-EC0B-4D02-B813-699A9135BB19}.Debug|Any CPU.ActiveCfg = Debug|Any CPU
		{55B9B483-EC0B-4D02-B813-699A9135BB19}.Debug|Any CPU.Build.0 = Debug|Any CPU
		{55B9B483-EC0B-4D02-B813-699A9135BB19}.Release|Any CPU.ActiveCfg = Release|Any CPU
		{55B9B483-EC0B-4D02-B813-699A9135BB19}.Release|Any CPU.Build.0 = Release|Any CPU
		{0B5EFD8A-BF9C-4EAC-9450-6871BBE041CD}.Debug|Any CPU.ActiveCfg = Debug|Any CPU
		{0B5EFD8A-BF9C-4EAC-9450-6871BBE041CD}.Debug|Any CPU.Build.0 = Debug|Any CPU
		{0B5EFD8A-BF9C-4EAC-9450-6871BBE041CD}.Release|Any CPU.ActiveCfg = Release|Any CPU
		{0B5EFD8A-BF9C-4EAC-9450-6871BBE041CD}.Release|Any CPU.Build.0 = Release|Any CPU
		{09542979-CDDF-4D0C-90F0-7B8BFDDE92EC}.Debug|Any CPU.ActiveCfg = Debug|Any CPU
		{09542979-CDDF-4D0C-90F0-7B8BFDDE92EC}.Debug|Any CPU.Build.0 = Debug|Any CPU
		{09542979-CDDF-4D0C-90F0-7B8BFDDE92EC}.Release|Any CPU.ActiveCfg = Release|Any CPU
		{09542979-CDDF-4D0C-90F0-7B8BFDDE92EC}.Release|Any CPU.Build.0 = Release|Any CPU
		{706E5C7D-2A47-49A1-B82E-3F4AB6165988}.Debug|Any CPU.ActiveCfg = Debug|Any CPU
		{706E5C7D-2A47-49A1-B82E-3F4AB6165988}.Debug|Any CPU.Build.0 = Debug|Any CPU
		{706E5C7D-2A47-49A1-B82E-3F4AB6165988}.Release|Any CPU.ActiveCfg = Release|Any CPU
		{706E5C7D-2A47-49A1-B82E-3F4AB6165988}.Release|Any CPU.Build.0 = Release|Any CPU
		{CE53CB12-B1CE-4440-867D-4A03496C78C0}.Debug|Any CPU.ActiveCfg = Debug|Any CPU
		{CE53CB12-B1CE-4440-867D-4A03496C78C0}.Debug|Any CPU.Build.0 = Debug|Any CPU
		{CE53CB12-B1CE-4440-867D-4A03496C78C0}.Release|Any CPU.ActiveCfg = Release|Any CPU
		{CE53CB12-B1CE-4440-867D-4A03496C78C0}.Release|Any CPU.Build.0 = Release|Any CPU
		{5D7A85D5-46D6-4E07-B05A-9825067B8E11}.Debug|Any CPU.ActiveCfg = Debug|Any CPU
		{5D7A85D5-46D6-4E07-B05A-9825067B8E11}.Debug|Any CPU.Build.0 = Debug|Any CPU
		{5D7A85D5-46D6-4E07-B05A-9825067B8E11}.Release|Any CPU.ActiveCfg = Release|Any CPU
		{5D7A85D5-46D6-4E07-B05A-9825067B8E11}.Release|Any CPU.Build.0 = Release|Any CPU
		{AF7ED0D1-9B78-4FE8-9E9D-86BB285CB9B5}.Debug|Any CPU.ActiveCfg = Debug|Any CPU
		{AF7ED0D1-9B78-4FE8-9E9D-86BB285CB9B5}.Debug|Any CPU.Build.0 = Debug|Any CPU
		{AF7ED0D1-9B78-4FE8-9E9D-86BB285CB9B5}.Release|Any CPU.ActiveCfg = Release|Any CPU
		{AF7ED0D1-9B78-4FE8-9E9D-86BB285CB9B5}.Release|Any CPU.Build.0 = Release|Any CPU
	EndGlobalSection
	GlobalSection(NestedProjects) = preSolution
		{CFABFFA0-AD4E-4A02-A2AE-7DEBD59DD297} = {DB2A1642-23C8-4373-A944-B46E71ABBACE}
		{FDCF3A5A-A4B7-4C51-AA68-9F7694B79B46} = {DB2A1642-23C8-4373-A944-B46E71ABBACE}
		{32DA1E17-8145-459D-A0BD-F18D9EF023E4} = {DB2A1642-23C8-4373-A944-B46E71ABBACE}
		{67E8D737-5EC3-4B9A-8D37-AAB4AE74363C} = {DB2A1642-23C8-4373-A944-B46E71ABBACE}
		{E150266F-9544-4714-B56B-41CE148A65AA} = {DB2A1642-23C8-4373-A944-B46E71ABBACE}
		{DA311A38-A168-4601-9432-A4A40ADCB744} = {EF028C26-8B3F-403E-8C9D-4F075C033A12}
		{B766B573-281A-4420-8E40-A4A8CBCE51B0} = {EF028C26-8B3F-403E-8C9D-4F075C033A12}
		{FB537C9A-07B1-468E-B804-5E2DFAC3BCC7} = {EF028C26-8B3F-403E-8C9D-4F075C033A12}
		{34AB7168-76ED-44FD-B00B-5A7B553B0998} = {EF028C26-8B3F-403E-8C9D-4F075C033A12}
		{BCEB4A93-637B-45B9-803D-645788021C91} = {EF028C26-8B3F-403E-8C9D-4F075C033A12}
		{B9969CDA-5728-47A4-8B01-92F718155B20} = {55390A62-5B7F-4E81-80B0-C156E83B6817}
		{73277024-4FD9-4AE5-A6AF-5DD4C330F9C3} = {55390A62-5B7F-4E81-80B0-C156E83B6817}
		{17EDB5A6-B319-466E-9EE5-028DBDD3C076} = {55390A62-5B7F-4E81-80B0-C156E83B6817}
		{4915B7B6-654C-4248-A8E1-1AB9149BFA28} = {55390A62-5B7F-4E81-80B0-C156E83B6817}
		{E5012C10-7D81-4FF9-927F-464D42A75B88} = {55390A62-5B7F-4E81-80B0-C156E83B6817}
		{838AABE8-9D7E-474A-9945-768E2B4BABEB} = {6AFDF606-952E-4FDA-B27E-E90DF19AA9D7}
		{337A9F09-0599-4748-8266-42613DEFAD6F} = {B4797A1E-7AA2-4A0E-9882-3E34A9F926D9}
		{0B4BF56E-9F44-470F-85ED-E950C5C9D59B} = {B4797A1E-7AA2-4A0E-9882-3E34A9F926D9}
		{1C5275E8-5107-4594-B3E9-BD8179FC9456} = {B4797A1E-7AA2-4A0E-9882-3E34A9F926D9}
		{0927FC8F-848C-41AD-AC57-30EFFBC7ECA3} = {B4797A1E-7AA2-4A0E-9882-3E34A9F926D9}
		{0C6642C1-3268-42B4-BCC9-CD1E67E4ED24} = {B4797A1E-7AA2-4A0E-9882-3E34A9F926D9}
		{105C9041-7E3C-4FA2-8B7F-F6A2B50842A8} = {9D0FFBBD-1579-433C-ACDF-083B478A1DAE}
		{D0D16645-427B-4D62-A781-C3422A62312C} = {9D0FFBBD-1579-433C-ACDF-083B478A1DAE}
		{8F9E08C6-651A-4996-8AC5-F7E2BC9AD7A8} = {9D0FFBBD-1579-433C-ACDF-083B478A1DAE}
		{1B5A7D81-B65A-4B0C-9E7F-66A2FDBFBB35} = {B84B673D-3AD3-4B01-9120-B6020CEC3130}
		{450901EC-3930-4863-8E41-EAA0287686A1} = {B84B673D-3AD3-4B01-9120-B6020CEC3130}
		{93CBE9B6-4E56-42B1-AEB8-7A749384228D} = {B84B673D-3AD3-4B01-9120-B6020CEC3130}
		{38D40556-88E1-4EE0-A19F-D82FF69DEA56} = {B84B673D-3AD3-4B01-9120-B6020CEC3130}
		{F3AD6CFB-9878-448F-8E4B-F68C68E7839C} = {B84B673D-3AD3-4B01-9120-B6020CEC3130}
		{977FBDDA-1E34-4E05-817D-B16629AB211C} = {C592466B-4AAB-40AB-ADF9-EBF1D98ED6F6}
		{ADCE63BA-1184-4A15-BA7F-7BC943DFFDEA} = {C592466B-4AAB-40AB-ADF9-EBF1D98ED6F6}
		{2E8CA512-4F57-4BEB-9872-F7BBD4E53585} = {C592466B-4AAB-40AB-ADF9-EBF1D98ED6F6}
		{E81AC9CF-3103-463D-94D1-11FBB9E2DAD0} = {515A5664-8CD2-4BE9-BF41-5EF4D2ECDC35}
		{79DC029C-625A-4377-B2AB-5903964B7B35} = {515A5664-8CD2-4BE9-BF41-5EF4D2ECDC35}
		{8286FA10-8579-431E-8961-91833FE4B850} = {515A5664-8CD2-4BE9-BF41-5EF4D2ECDC35}
		{041BA33D-81BF-4D19-9D1D-966C766D5E19} = {75FC6FDC-931C-44FE-939D-2B1D03037DFF}
		{5FBF7116-575E-459D-9B6A-CE3A8E8642F9} = {75FC6FDC-931C-44FE-939D-2B1D03037DFF}
		{9930795B-A37A-4A6B-AE8F-41651325408C} = {75FC6FDC-931C-44FE-939D-2B1D03037DFF}
		{E29AD76B-9A4C-4BBE-91A1-BC6788F02DBC} = {50C97715-4300-4AB3-B1CE-A49599EA7914}
		{47692E24-687D-47F1-B817-8D62BF7CED3C} = {50C97715-4300-4AB3-B1CE-A49599EA7914}
		{A31F955F-C642-4EE7-83F7-547FDA1BDAA1} = {50C97715-4300-4AB3-B1CE-A49599EA7914}
		{B85B5B1E-43D5-4FAD-8727-E540CD5B3958} = {50C97715-4300-4AB3-B1CE-A49599EA7914}
		{0C568B99-F043-4469-9D41-EC7F3CBC3945} = {EF028C26-8B3F-403E-8C9D-4F075C033A12}
		{A8EEAB03-3D12-4308-9A02-404E02C76E6C} = {B4797A1E-7AA2-4A0E-9882-3E34A9F926D9}
		{DA1A6504-53B6-46BF-AD2E-CE712CA4CE05} = {55390A62-5B7F-4E81-80B0-C156E83B6817}
		{55B9B483-EC0B-4D02-B813-699A9135BB19} = {B84B673D-3AD3-4B01-9120-B6020CEC3130}
		{0B5EFD8A-BF9C-4EAC-9450-6871BBE041CD} = {DB2A1642-23C8-4373-A944-B46E71ABBACE}
		{09542979-CDDF-4D0C-90F0-7B8BFDDE92EC} = {9D0FFBBD-1579-433C-ACDF-083B478A1DAE}
		{706E5C7D-2A47-49A1-B82E-3F4AB6165988} = {515A5664-8CD2-4BE9-BF41-5EF4D2ECDC35}
		{CE53CB12-B1CE-4440-867D-4A03496C78C0} = {75FC6FDC-931C-44FE-939D-2B1D03037DFF}
		{5D7A85D5-46D6-4E07-B05A-9825067B8E11} = {C592466B-4AAB-40AB-ADF9-EBF1D98ED6F6}
		{AF7ED0D1-9B78-4FE8-9E9D-86BB285CB9B5} = {6AFDF606-952E-4FDA-B27E-E90DF19AA9D7}
	EndGlobalSection
EndGlobal
